
Microsoft Visual Studio Solution File, Format Version 12.00
# Visual Studio 15
VisualStudioVersion = 15.0.28307.421
MinimumVisualStudioVersion = 10.0.40219.1
Project("{9A19103F-16F7-4668-BE54-9A1E7A4F7556}") = "Lab8", "Lab8.csproj", "{55D61714-47A5-4375-B7A0-3D64A5DFA373}"
EndProject
Global
	GlobalSection(SolutionConfigurationPlatforms) = preSolution
		Debug|Any CPU = Debug|Any CPU
		Release|Any CPU = Release|Any CPU
	EndGlobalSection
	GlobalSection(ProjectConfigurationPlatforms) = postSolution
		{55D61714-47A5-4375-B7A0-3D64A5DFA373}.Debug|Any CPU.ActiveCfg = Debug|Any CPU
		{55D61714-47A5-4375-B7A0-3D64A5DFA373}.Debug|Any CPU.Build.0 = Debug|Any CPU
		{55D61714-47A5-4375-B7A0-3D64A5DFA373}.Release|Any CPU.ActiveCfg = Release|Any CPU
		{55D61714-47A5-4375-B7A0-3D64A5DFA373}.Release|Any CPU.Build.0 = Release|Any CPU
	EndGlobalSection
	GlobalSection(SolutionProperties) = preSolution
		HideSolutionNode = FALSE
	EndGlobalSection
	GlobalSection(ExtensibilityGlobals) = postSolution
		SolutionGuid = {29E9CF58-17F1-48D4-A33B-E5F3E4F981E5}
	EndGlobalSection
EndGlobal
