
Microsoft Visual Studio Solution File, Format Version 12.00
# Visual Studio 15
VisualStudioVersion = 15.0.27130.2027
MinimumVisualStudioVersion = 10.0.40219.1
Project("{FAE04EC0-301F-11D3-BF4B-00C04F79EFBC}") = "Razor", "Razor.csproj", "{5E00F445-A371-4658-8E6B-B7CF6EC5A36C}"
EndProject
Global
	GlobalSection(SolutionConfigurationPlatforms) = preSolution
		Debug|Any CPU = Debug|Any CPU
		Release|Any CPU = Release|Any CPU
	EndGlobalSection
	GlobalSection(ProjectConfigurationPlatforms) = postSolution
		{5E00F445-A371-4658-8E6B-B7CF6EC5A36C}.Debug|Any CPU.ActiveCfg = Debug|Any CPU
		{5E00F445-A371-4658-8E6B-B7CF6EC5A36C}.Debug|Any CPU.Build.0 = Debug|Any CPU
		{5E00F445-A371-4658-8E6B-B7CF6EC5A36C}.Release|Any CPU.ActiveCfg = Release|Any CPU
		{5E00F445-A371-4658-8E6B-B7CF6EC5A36C}.Release|Any CPU.Build.0 = Release|Any CPU
	EndGlobalSection
	GlobalSection(SolutionProperties) = preSolution
		HideSolutionNode = FALSE
	EndGlobalSection
	GlobalSection(ExtensibilityGlobals) = postSolution
		SolutionGuid = {710E4787-A59F-4F5A-89DB-7F96E841A46A}
	EndGlobalSection
EndGlobal
