
Microsoft Visual Studio Solution File, Format Version 12.00
# Visual Studio 15
VisualStudioVersion = 15.0.28307.572
MinimumVisualStudioVersion = 10.0.40219.1
Project("{FAE04EC0-301F-11D3-BF4B-00C04F79EFBC}") = "AnimalAbstractFixed", "AnimalAbstractFixed.csproj", "{9A5FA754-D660-4F40-B0EE-12315CE242BA}"
EndProject
Global
	GlobalSection(SolutionConfigurationPlatforms) = preSolution
		Debug|Any CPU = Debug|Any CPU
		Release|Any CPU = Release|Any CPU
	EndGlobalSection
	GlobalSection(ProjectConfigurationPlatforms) = postSolution
		{9A5FA754-D660-4F40-B0EE-12315CE242BA}.Debug|Any CPU.ActiveCfg = Debug|Any CPU
		{9A5FA754-D660-4F40-B0EE-12315CE242BA}.Debug|Any CPU.Build.0 = Debug|Any CPU
		{9A5FA754-D660-4F40-B0EE-12315CE242BA}.Release|Any CPU.ActiveCfg = Release|Any CPU
		{9A5FA754-D660-4F40-B0EE-12315CE242BA}.Release|Any CPU.Build.0 = Release|Any CPU
	EndGlobalSection
	GlobalSection(SolutionProperties) = preSolution
		HideSolutionNode = FALSE
	EndGlobalSection
	GlobalSection(ExtensibilityGlobals) = postSolution
		SolutionGuid = {A0B03B53-5D7C-4F9E-902A-C00557841404}
	EndGlobalSection
EndGlobal
