
Microsoft Visual Studio Solution File, Format Version 12.00
# Visual Studio 15
VisualStudioVersion = 15.0.28307.421
MinimumVisualStudioVersion = 10.0.40219.1
Project("{FAE04EC0-301F-11D3-BF4B-00C04F79EFBC}") = "Lab10", "Lab10.csproj", "{1C0E3CB4-0071-4853-8533-B4AD7A3E4405}"
EndProject
Global
	GlobalSection(SolutionConfigurationPlatforms) = preSolution
		Debug|Any CPU = Debug|Any CPU
		Release|Any CPU = Release|Any CPU
	EndGlobalSection
	GlobalSection(ProjectConfigurationPlatforms) = postSolution
		{1C0E3CB4-0071-4853-8533-B4AD7A3E4405}.Debug|Any CPU.ActiveCfg = Debug|Any CPU
		{1C0E3CB4-0071-4853-8533-B4AD7A3E4405}.Debug|Any CPU.Build.0 = Debug|Any CPU
		{1C0E3CB4-0071-4853-8533-B4AD7A3E4405}.Release|Any CPU.ActiveCfg = Release|Any CPU
		{1C0E3CB4-0071-4853-8533-B4AD7A3E4405}.Release|Any CPU.Build.0 = Release|Any CPU
	EndGlobalSection
	GlobalSection(SolutionProperties) = preSolution
		HideSolutionNode = FALSE
	EndGlobalSection
	GlobalSection(ExtensibilityGlobals) = postSolution
		SolutionGuid = {F99B2523-F8AC-4D35-BBD8-B539EF5C2238}
	EndGlobalSection
EndGlobal
